
Microsoft Visual Studio Solution File, Format Version 12.00
# Visual Studio Version 16
VisualStudioVersion = 16.0.29905.134
MinimumVisualStudioVersion = 10.0.40219.1
Project("{FAE04EC0-301F-11D3-BF4B-00C04F79EFBC}") = "SomeWorkprog", "SomeWorkprog\SomeWorkprog.csproj", "{A16BC543-227C-476A-B1AD-E818CB3691C8}"
EndProject
Global
	GlobalSection(SolutionConfigurationPlatforms) = preSolution
		Debug|Any CPU = Debug|Any CPU
		Release|Any CPU = Release|Any CPU
	EndGlobalSection
	GlobalSection(ProjectConfigurationPlatforms) = postSolution
		{A16BC543-227C-476A-B1AD-E818CB3691C8}.Debug|Any CPU.ActiveCfg = Debug|Any CPU
		{A16BC543-227C-476A-B1AD-E818CB3691C8}.Debug|Any CPU.Build.0 = Debug|Any CPU
		{A16BC543-227C-476A-B1AD-E818CB3691C8}.Release|Any CPU.ActiveCfg = Release|Any CPU
		{A16BC543-227C-476A-B1AD-E818CB3691C8}.Release|Any CPU.Build.0 = Release|Any CPU
	EndGlobalSection
	GlobalSection(SolutionProperties) = preSolution
		HideSolutionNode = FALSE
	EndGlobalSection
	GlobalSection(ExtensibilityGlobals) = postSolution
		SolutionGuid = {52E0215E-39FF-4C28-8DF2-2D2793164692}
	EndGlobalSection
EndGlobal
